
Microsoft Visual Studio Solution File, Format Version 12.00
# Visual Studio 15
VisualStudioVersion = 15.0.28307.902
MinimumVisualStudioVersion = 10.0.40219.1
Project("{FAE04EC0-301F-11D3-BF4B-00C04F79EFBC}") = "Open Video Downloader", "Open Video Downloader\Open Video Downloader.csproj", "{1796DE6A-3F14-4C67-B3BE-60591AF655F4}"
EndProject
Project("{FAE04EC0-301F-11D3-BF4B-00C04F79EFBC}") = "DownloadManager", "DownloadManager\DownloadManager.csproj", "{247719CB-F965-4713-84E6-6126C5A16584}"
EndProject
Project("{FAE04EC0-301F-11D3-BF4B-00C04F79EFBC}") = "UrlExtractor", "Url Extractor\UrlExtractor.csproj", "{51F17C39-2443-47F4-A783-DD4C36B4F4CB}"
EndProject
Project("{FAE04EC0-301F-11D3-BF4B-00C04F79EFBC}") = "Youtube.UrlExtractor", "Youtube.UrlExtractor\Youtube.UrlExtractor.csproj", "{4E6774CE-3CD1-41EE-B684-DFDAB3731CAA}"
EndProject
Project("{FAE04EC0-301F-11D3-BF4B-00C04F79EFBC}") = "Dailymotion.UrlExtractor", "Dailymotion.UrlExtractor\Dailymotion.UrlExtractor.csproj", "{FFF847F8-E688-483F-9D11-074224E34DB7}"
EndProject
Project("{FAE04EC0-301F-11D3-BF4B-00C04F79EFBC}") = "Vimeo.UrlExtractor", "Vimeo.UrlExtractor\Vimeo.UrlExtractor.csproj", "{03D84971-70C0-41D5-AF31-A333DE4D8A6A}"
EndProject
Project("{930C7802-8A8C-48F9-8165-68863BCCD9DD}") = "Setup", "Setup\Setup.wixproj", "{7247C4AF-5A2F-4525-BA24-85F1100769C7}"
EndProject
Global
	GlobalSection(SolutionConfigurationPlatforms) = preSolution
		Debug|Any CPU = Debug|Any CPU
		Debug|x86 = Debug|x86
		Release|Any CPU = Release|Any CPU
		Release|x86 = Release|x86
	EndGlobalSection
	GlobalSection(ProjectConfigurationPlatforms) = postSolution
		{1796DE6A-3F14-4C67-B3BE-60591AF655F4}.Debug|Any CPU.ActiveCfg = Debug|Any CPU
		{1796DE6A-3F14-4C67-B3BE-60591AF655F4}.Debug|Any CPU.Build.0 = Debug|Any CPU
		{1796DE6A-3F14-4C67-B3BE-60591AF655F4}.Debug|x86.ActiveCfg = Debug|Any CPU
		{1796DE6A-3F14-4C67-B3BE-60591AF655F4}.Debug|x86.Build.0 = Debug|Any CPU
		{1796DE6A-3F14-4C67-B3BE-60591AF655F4}.Release|Any CPU.ActiveCfg = Release|Any CPU
		{1796DE6A-3F14-4C67-B3BE-60591AF655F4}.Release|Any CPU.Build.0 = Release|Any CPU
		{1796DE6A-3F14-4C67-B3BE-60591AF655F4}.Release|x86.ActiveCfg = Release|Any CPU
		{1796DE6A-3F14-4C67-B3BE-60591AF655F4}.Release|x86.Build.0 = Release|Any CPU
		{247719CB-F965-4713-84E6-6126C5A16584}.Debug|Any CPU.ActiveCfg = Debug|Any CPU
		{247719CB-F965-4713-84E6-6126C5A16584}.Debug|Any CPU.Build.0 = Debug|Any CPU
		{247719CB-F965-4713-84E6-6126C5A16584}.Debug|x86.ActiveCfg = Debug|Any CPU
		{247719CB-F965-4713-84E6-6126C5A16584}.Debug|x86.Build.0 = Debug|Any CPU
		{247719CB-F965-4713-84E6-6126C5A16584}.Release|Any CPU.ActiveCfg = Release|Any CPU
		{247719CB-F965-4713-84E6-6126C5A16584}.Release|Any CPU.Build.0 = Release|Any CPU
		{247719CB-F965-4713-84E6-6126C5A16584}.Release|x86.ActiveCfg = Release|Any CPU
		{247719CB-F965-4713-84E6-6126C5A16584}.Release|x86.Build.0 = Release|Any CPU
		{51F17C39-2443-47F4-A783-DD4C36B4F4CB}.Debug|Any CPU.ActiveCfg = Debug|Any CPU
		{51F17C39-2443-47F4-A783-DD4C36B4F4CB}.Debug|Any CPU.Build.0 = Debug|Any CPU
		{51F17C39-2443-47F4-A783-DD4C36B4F4CB}.Debug|x86.ActiveCfg = Debug|Any CPU
		{51F17C39-2443-47F4-A783-DD4C36B4F4CB}.Debug|x86.Build.0 = Debug|Any CPU
		{51F17C39-2443-47F4-A783-DD4C36B4F4CB}.Release|Any CPU.ActiveCfg = Release|Any CPU
		{51F17C39-2443-47F4-A783-DD4C36B4F4CB}.Release|Any CPU.Build.0 = Release|Any CPU
		{51F17C39-2443-47F4-A783-DD4C36B4F4CB}.Release|x86.ActiveCfg = Release|Any CPU
		{51F17C39-2443-47F4-A783-DD4C36B4F4CB}.Release|x86.Build.0 = Release|Any CPU
		{4E6774CE-3CD1-41EE-B684-DFDAB3731CAA}.Debug|Any CPU.ActiveCfg = Debug|Any CPU
		{4E6774CE-3CD1-41EE-B684-DFDAB3731CAA}.Debug|Any CPU.Build.0 = Debug|Any CPU
		{4E6774CE-3CD1-41EE-B684-DFDAB3731CAA}.Debug|x86.ActiveCfg = Debug|Any CPU
		{4E6774CE-3CD1-41EE-B684-DFDAB3731CAA}.Debug|x86.Build.0 = Debug|Any CPU
		{4E6774CE-3CD1-41EE-B684-DFDAB3731CAA}.Release|Any CPU.ActiveCfg = Release|Any CPU
		{4E6774CE-3CD1-41EE-B684-DFDAB3731CAA}.Release|Any CPU.Build.0 = Release|Any CPU
		{4E6774CE-3CD1-41EE-B684-DFDAB3731CAA}.Release|x86.ActiveCfg = Release|Any CPU
		{4E6774CE-3CD1-41EE-B684-DFDAB3731CAA}.Release|x86.Build.0 = Release|Any CPU
		{FFF847F8-E688-483F-9D11-074224E34DB7}.Debug|Any CPU.ActiveCfg = Debug|Any CPU
		{FFF847F8-E688-483F-9D11-074224E34DB7}.Debug|Any CPU.Build.0 = Debug|Any CPU
		{FFF847F8-E688-483F-9D11-074224E34DB7}.Debug|x86.ActiveCfg = Debug|Any CPU
		{FFF847F8-E688-483F-9D11-074224E34DB7}.Debug|x86.Build.0 = Debug|Any CPU
		{FFF847F8-E688-483F-9D11-074224E34DB7}.Release|Any CPU.ActiveCfg = Release|Any CPU
		{FFF847F8-E688-483F-9D11-074224E34DB7}.Release|Any CPU.Build.0 = Release|Any CPU
		{FFF847F8-E688-483F-9D11-074224E34DB7}.Release|x86.ActiveCfg = Release|Any CPU
		{FFF847F8-E688-483F-9D11-074224E34DB7}.Release|x86.Build.0 = Release|Any CPU
		{03D84971-70C0-41D5-AF31-A333DE4D8A6A}.Debug|Any CPU.ActiveCfg = Debug|Any CPU
		{03D84971-70C0-41D5-AF31-A333DE4D8A6A}.Debug|Any CPU.Build.0 = Debug|Any CPU
		{03D84971-70C0-41D5-AF31-A333DE4D8A6A}.Debug|x86.ActiveCfg = Debug|Any CPU
		{03D84971-70C0-41D5-AF31-A333DE4D8A6A}.Debug|x86.Build.0 = Debug|Any CPU
		{03D84971-70C0-41D5-AF31-A333DE4D8A6A}.Release|Any CPU.ActiveCfg = Release|Any CPU
		{03D84971-70C0-41D5-AF31-A333DE4D8A6A}.Release|Any CPU.Build.0 = Release|Any CPU
		{03D84971-70C0-41D5-AF31-A333DE4D8A6A}.Release|x86.ActiveCfg = Release|Any CPU
		{03D84971-70C0-41D5-AF31-A333DE4D8A6A}.Release|x86.Build.0 = Release|Any CPU
		{7247C4AF-5A2F-4525-BA24-85F1100769C7}.Debug|Any CPU.ActiveCfg = Debug|x86
		{7247C4AF-5A2F-4525-BA24-85F1100769C7}.Debug|x86.ActiveCfg = Debug|x86
		{7247C4AF-5A2F-4525-BA24-85F1100769C7}.Debug|x86.Build.0 = Debug|x86
		{7247C4AF-5A2F-4525-BA24-85F1100769C7}.Release|Any CPU.ActiveCfg = QA|x86
		{7247C4AF-5A2F-4525-BA24-85F1100769C7}.Release|Any CPU.Build.0 = QA|x86
		{7247C4AF-5A2F-4525-BA24-85F1100769C7}.Release|x86.ActiveCfg = QA|x86
		{7247C4AF-5A2F-4525-BA24-85F1100769C7}.Release|x86.Build.0 = QA|x86
	EndGlobalSection
	GlobalSection(SolutionProperties) = preSolution
		HideSolutionNode = FALSE
	EndGlobalSection
	GlobalSection(ExtensibilityGlobals) = postSolution
		SolutionGuid = {205497DC-69CD-4196-8B40-DB7BD4354CB0}
	EndGlobalSection
EndGlobal
