
Microsoft Visual Studio Solution File, Format Version 12.00
# Visual Studio 15
VisualStudioVersion = 15.0.28307.902
MinimumVisualStudioVersion = 10.0.40219.1
Project("{FAE04EC0-301F-11D3-BF4B-00C04F79EFBC}") = "Open Video Downloader", "Open Video Downloader\Open Video Downloader.csproj", "{1796DE6A-3F14-4C67-B3BE-60591AF655F4}"
EndProject
Project("{FAE04EC0-301F-11D3-BF4B-00C04F79EFBC}") = "DownloadManager", "DownloadManager\DownloadManager.csproj", "{247719CB-F965-4713-84E6-6126C5A16584}"
EndProject
Project("{FAE04EC0-301F-11D3-BF4B-00C04F79EFBC}") = "UrlExtractor", "Url Extractor\UrlExtractor.csproj", "{51F17C39-2443-47F4-A783-DD4C36B4F4CB}"
EndProject
Project("{FAE04EC0-301F-11D3-BF4B-00C04F79EFBC}") = "Youtube.UrlExtractor", "Youtube.UrlExtractor\Youtube.UrlExtractor.csproj", "{4E6774CE-3CD1-41EE-B684-DFDAB3731CAA}"
EndProject
Global
	GlobalSection(SolutionConfigurationPlatforms) = preSolution
		Debug|Any CPU = Debug|Any CPU
		Release|Any CPU = Release|Any CPU
	EndGlobalSection
	GlobalSection(ProjectConfigurationPlatforms) = postSolution
		{1796DE6A-3F14-4C67-B3BE-60591AF655F4}.Debug|Any CPU.ActiveCfg = Debug|Any CPU
		{1796DE6A-3F14-4C67-B3BE-60591AF655F4}.Debug|Any CPU.Build.0 = Debug|Any CPU
		{1796DE6A-3F14-4C67-B3BE-60591AF655F4}.Release|Any CPU.ActiveCfg = Release|Any CPU
		{1796DE6A-3F14-4C67-B3BE-60591AF655F4}.Release|Any CPU.Build.0 = Release|Any CPU
		{247719CB-F965-4713-84E6-6126C5A16584}.Debug|Any CPU.ActiveCfg = Debug|Any CPU
		{247719CB-F965-4713-84E6-6126C5A16584}.Debug|Any CPU.Build.0 = Debug|Any CPU
		{247719CB-F965-4713-84E6-6126C5A16584}.Release|Any CPU.ActiveCfg = Release|Any CPU
		{247719CB-F965-4713-84E6-6126C5A16584}.Release|Any CPU.Build.0 = Release|Any CPU
		{51F17C39-2443-47F4-A783-DD4C36B4F4CB}.Debug|Any CPU.ActiveCfg = Debug|Any CPU
		{51F17C39-2443-47F4-A783-DD4C36B4F4CB}.Debug|Any CPU.Build.0 = Debug|Any CPU
		{51F17C39-2443-47F4-A783-DD4C36B4F4CB}.Release|Any CPU.ActiveCfg = Release|Any CPU
		{51F17C39-2443-47F4-A783-DD4C36B4F4CB}.Release|Any CPU.Build.0 = Release|Any CPU
		{4E6774CE-3CD1-41EE-B684-DFDAB3731CAA}.Debug|Any CPU.ActiveCfg = Debug|Any CPU
		{4E6774CE-3CD1-41EE-B684-DFDAB3731CAA}.Debug|Any CPU.Build.0 = Debug|Any CPU
		{4E6774CE-3CD1-41EE-B684-DFDAB3731CAA}.Release|Any CPU.ActiveCfg = Release|Any CPU
		{4E6774CE-3CD1-41EE-B684-DFDAB3731CAA}.Release|Any CPU.Build.0 = Release|Any CPU
	EndGlobalSection
	GlobalSection(SolutionProperties) = preSolution
		HideSolutionNode = FALSE
	EndGlobalSection
	GlobalSection(ExtensibilityGlobals) = postSolution
		SolutionGuid = {205497DC-69CD-4196-8B40-DB7BD4354CB0}
	EndGlobalSection
EndGlobal
